
Microsoft Visual Studio Solution File, Format Version 12.00
# Visual Studio Version 16
VisualStudioVersion = 16.0.33328.57
MinimumVisualStudioVersion = 10.0.40219.1
Project("{8BC9CEB8-8B4A-11D0-8D11-00A0C91BC942}") = "RemoteCtrl", "RemoteCtrl\RemoteCtrl.vcxproj", "{E1519266-EC3D-4E09-9988-268F5129846F}"
EndProject
Project("{8BC9CEB8-8B4A-11D0-8D11-00A0C91BC942}") = "RemoteClient", "RemoteClient\RemoteClient.vcxproj", "{FD3912B7-66F8-447E-8DB3-FC37EFE38F8D}"
EndProject
Global
	GlobalSection(SolutionConfigurationPlatforms) = preSolution
		Debug|x64 = Debug|x64
		Debug|x86 = Debug|x86
		Release|x64 = Release|x64
		Release|x86 = Release|x86
	EndGlobalSection
	GlobalSection(ProjectConfigurationPlatforms) = postSolution
		{E1519266-EC3D-4E09-9988-268F5129846F}.Debug|x64.ActiveCfg = Debug|x64
		{E1519266-EC3D-4E09-9988-268F5129846F}.Debug|x64.Build.0 = Debug|x64
		{E1519266-EC3D-4E09-9988-268F5129846F}.Debug|x86.ActiveCfg = Debug|Win32
		{E1519266-EC3D-4E09-9988-268F5129846F}.Debug|x86.Build.0 = Debug|Win32
		{E1519266-EC3D-4E09-9988-268F5129846F}.Release|x64.ActiveCfg = Release|x64
		{E1519266-EC3D-4E09-9988-268F5129846F}.Release|x64.Build.0 = Release|x64
		{E1519266-EC3D-4E09-9988-268F5129846F}.Release|x86.ActiveCfg = Release|Win32
		{E1519266-EC3D-4E09-9988-268F5129846F}.Release|x86.Build.0 = Release|Win32
		{FD3912B7-66F8-447E-8DB3-FC37EFE38F8D}.Debug|x64.ActiveCfg = Debug|x64
		{FD3912B7-66F8-447E-8DB3-FC37EFE38F8D}.Debug|x64.Build.0 = Debug|x64
		{FD3912B7-66F8-447E-8DB3-FC37EFE38F8D}.Debug|x86.ActiveCfg = Debug|Win32
		{FD3912B7-66F8-447E-8DB3-FC37EFE38F8D}.Debug|x86.Build.0 = Debug|Win32
		{FD3912B7-66F8-447E-8DB3-FC37EFE38F8D}.Release|x64.ActiveCfg = Release|x64
		{FD3912B7-66F8-447E-8DB3-FC37EFE38F8D}.Release|x64.Build.0 = Release|x64
		{FD3912B7-66F8-447E-8DB3-FC37EFE38F8D}.Release|x86.ActiveCfg = Release|Win32
		{FD3912B7-66F8-447E-8DB3-FC37EFE38F8D}.Release|x86.Build.0 = Release|Win32
	EndGlobalSection
	GlobalSection(SolutionProperties) = preSolution
		HideSolutionNode = FALSE
	EndGlobalSection
	GlobalSection(ExtensibilityGlobals) = postSolution
		SolutionGuid = {2A6A2468-7665-4FA5-91BE-0176F676A404}
	EndGlobalSection
EndGlobal
